// !$*UTF8*$!
{
	archiveVersion = 1;
	classes = {
	};
	objectVersion = 55;
	objects = {

/* Begin PBXBuildFile section */
		C706D34027C52F9F004A0506 /* ApiVideoPlayerAnalytics in Frameworks */ = {isa = PBXBuildFile; productRef = C706D33F27C52F9F004A0506 /* ApiVideoPlayerAnalytics */; };
		C735A2CB27AADF9F00145B8E /* AppDelegate.swift in Sources */ = {isa = PBXBuildFile; fileRef = C735A2CA27AADF9F00145B8E /* AppDelegate.swift */; };
		C735A2CD27AADF9F00145B8E /* SceneDelegate.swift in Sources */ = {isa = PBXBuildFile; fileRef = C735A2CC27AADF9F00145B8E /* SceneDelegate.swift */; };
		C735A2CF27AADF9F00145B8E /* ViewController.swift in Sources */ = {isa = PBXBuildFile; fileRef = C735A2CE27AADF9F00145B8E /* ViewController.swift */; };
		C735A2D227AADF9F00145B8E /* Main.storyboard in Resources */ = {isa = PBXBuildFile; fileRef = C735A2D027AADF9F00145B8E /* Main.storyboard */; };
		C735A2D427AADFA500145B8E /* Assets.xcassets in Resources */ = {isa = PBXBuildFile; fileRef = C735A2D327AADFA500145B8E /* Assets.xcassets */; };
		C735A2D727AADFA500145B8E /* LaunchScreen.storyboard in Resources */ = {isa = PBXBuildFile; fileRef = C735A2D527AADFA500145B8E /* LaunchScreen.storyboard */; };
/* End PBXBuildFile section */

/* Begin PBXFileReference section */
		C706D34127C56395004A0506 /* ApiVideoPlayerAnalytics.podspec */ = {isa = PBXFileReference; lastKnownFileType = text; path = ApiVideoPlayerAnalytics.podspec; sourceTree = "<group>"; };
		C70E916027AAE59800573494 /* api.video-ios-player-analytics */ = {isa = PBXFileReference; lastKnownFileType = wrapper; name = "api.video-ios-player-analytics"; path = ..; sourceTree = "<group>"; };
		C735A2C727AADF9F00145B8E /* api.video-ios-player-analytics-example.app */ = {isa = PBXFileReference; explicitFileType = wrapper.application; includeInIndex = 0; path = "api.video-ios-player-analytics-example.app"; sourceTree = BUILT_PRODUCTS_DIR; };
		C735A2CA27AADF9F00145B8E /* AppDelegate.swift */ = {isa = PBXFileReference; lastKnownFileType = sourcecode.swift; path = AppDelegate.swift; sourceTree = "<group>"; };
		C735A2CC27AADF9F00145B8E /* SceneDelegate.swift */ = {isa = PBXFileReference; lastKnownFileType = sourcecode.swift; path = SceneDelegate.swift; sourceTree = "<group>"; };
		C735A2CE27AADF9F00145B8E /* ViewController.swift */ = {isa = PBXFileReference; lastKnownFileType = sourcecode.swift; path = ViewController.swift; sourceTree = "<group>"; };
		C735A2D127AADF9F00145B8E /* Base */ = {isa = PBXFileReference; lastKnownFileType = file.storyboard; name = Base; path = Base.lproj/Main.storyboard; sourceTree = "<group>"; };
		C735A2D327AADFA500145B8E /* Assets.xcassets */ = {isa = PBXFileReference; lastKnownFileType = folder.assetcatalog; path = Assets.xcassets; sourceTree = "<group>"; };
		C735A2D627AADFA500145B8E /* Base */ = {isa = PBXFileReference; lastKnownFileType = file.storyboard; name = Base; path = Base.lproj/LaunchScreen.storyboard; sourceTree = "<group>"; };
		C735A2D827AADFA500145B8E /* Info.plist */ = {isa = PBXFileReference; lastKnownFileType = text.plist.xml; path = Info.plist; sourceTree = "<group>"; };
/* End PBXFileReference section */

/* Begin PBXFrameworksBuildPhase section */
		C735A2C427AADF9F00145B8E /* Frameworks */ = {
			isa = PBXFrameworksBuildPhase;
			buildActionMask = 2147483647;
			files = (
				C706D34027C52F9F004A0506 /* ApiVideoPlayerAnalytics in Frameworks */,
			);
			runOnlyForDeploymentPostprocessing = 0;
		};
/* End PBXFrameworksBuildPhase section */

/* Begin PBXGroup section */
		C70E915F27AAE59800573494 /* Packages */ = {
			isa = PBXGroup;
			children = (
				C70E916027AAE59800573494 /* api.video-ios-player-analytics */,
				C706D34127C56395004A0506 /* ApiVideoPlayerAnalytics.podspec */,
			);
			name = Packages;
			sourceTree = "<group>";
		};
		C70E916127AAE5B700573494 /* Frameworks */ = {
			isa = PBXGroup;
			children = (
			);
			name = Frameworks;
			sourceTree = "<group>";
		};
		C735A2BE27AADF9F00145B8E = {
			isa = PBXGroup;
			children = (
				C70E915F27AAE59800573494 /* Packages */,
				C735A2C927AADF9F00145B8E /* Example */,
				C735A2C827AADF9F00145B8E /* Products */,
				C70E916127AAE5B700573494 /* Frameworks */,
			);
			sourceTree = "<group>";
		};
		C735A2C827AADF9F00145B8E /* Products */ = {
			isa = PBXGroup;
			children = (
				C735A2C727AADF9F00145B8E /* api.video-ios-player-analytics-example.app */,
			);
			name = Products;
			sourceTree = "<group>";
		};
		C735A2C927AADF9F00145B8E /* Example */ = {
			isa = PBXGroup;
			children = (
				C735A2CA27AADF9F00145B8E /* AppDelegate.swift */,
				C735A2CC27AADF9F00145B8E /* SceneDelegate.swift */,
				C735A2CE27AADF9F00145B8E /* ViewController.swift */,
				C735A2D027AADF9F00145B8E /* Main.storyboard */,
				C735A2D327AADFA500145B8E /* Assets.xcassets */,
				C735A2D527AADFA500145B8E /* LaunchScreen.storyboard */,
				C735A2D827AADFA500145B8E /* Info.plist */,
			);
			path = Example;
			sourceTree = "<group>";
		};
/* End PBXGroup section */

/* Begin PBXNativeTarget section */
		C735A2C627AADF9F00145B8E /* api.video-ios-player-analytics-example */ = {
			isa = PBXNativeTarget;
			buildConfigurationList = C735A2DB27AADFA500145B8E /* Build configuration list for PBXNativeTarget "api.video-ios-player-analytics-example" */;
			buildPhases = (
				C735A2C327AADF9F00145B8E /* Sources */,
				C735A2C427AADF9F00145B8E /* Frameworks */,
				C735A2C527AADF9F00145B8E /* Resources */,
			);
			buildRules = (
			);
			dependencies = (
			);
			name = "api.video-ios-player-analytics-example";
			packageProductDependencies = (
				C706D33F27C52F9F004A0506 /* ApiVideoPlayerAnalytics */,
			);
			productName = "api.video-ios-player-analytics-example";
			productReference = C735A2C727AADF9F00145B8E /* api.video-ios-player-analytics-example.app */;
			productType = "com.apple.product-type.application";
		};
/* End PBXNativeTarget section */

/* Begin PBXProject section */
		C735A2BF27AADF9F00145B8E /* Project object */ = {
			isa = PBXProject;
			attributes = {
				BuildIndependentTargetsInParallel = 1;
				LastSwiftUpdateCheck = 1320;
				LastUpgradeCheck = 1320;
				TargetAttributes = {
					C735A2C627AADF9F00145B8E = {
						CreatedOnToolsVersion = 13.2.1;
					};
				};
			};
			buildConfigurationList = C735A2C227AADF9F00145B8E /* Build configuration list for PBXProject "api.video-ios-player-analytics-example" */;
			compatibilityVersion = "Xcode 13.0";
			developmentRegion = en;
			hasScannedForEncodings = 0;
			knownRegions = (
				en,
				Base,
			);
			mainGroup = C735A2BE27AADF9F00145B8E;
			productRefGroup = C735A2C827AADF9F00145B8E /* Products */;
			projectDirPath = "";
			projectRoot = "";
			targets = (
				C735A2C627AADF9F00145B8E /* api.video-ios-player-analytics-example */,
			);
		};
/* End PBXProject section */

/* Begin PBXResourcesBuildPhase section */
		C735A2C527AADF9F00145B8E /* Resources */ = {
			isa = PBXResourcesBuildPhase;
			buildActionMask = 2147483647;
			files = (
				C735A2D727AADFA500145B8E /* LaunchScreen.storyboard in Resources */,
				C735A2D427AADFA500145B8E /* Assets.xcassets in Resources */,
				C735A2D227AADF9F00145B8E /* Main.storyboard in Resources */,
			);
			runOnlyForDeploymentPostprocessing = 0;
		};
/* End PBXResourcesBuildPhase section */

/* Begin PBXSourcesBuildPhase section */
		C735A2C327AADF9F00145B8E /* Sources */ = {
			isa = PBXSourcesBuildPhase;
			buildActionMask = 2147483647;
			files = (
				C735A2CF27AADF9F00145B8E /* ViewController.swift in Sources */,
				C735A2CB27AADF9F00145B8E /* AppDelegate.swift in Sources */,
				C735A2CD27AADF9F00145B8E /* SceneDelegate.swift in Sources */,
			);
			runOnlyForDeploymentPostprocessing = 0;
		};
/* End PBXSourcesBuildPhase section */

/* Begin PBXVariantGroup section */
		C735A2D027AADF9F00145B8E /* Main.storyboard */ = {
			isa = PBXVariantGroup;
			children = (
				C735A2D127AADF9F00145B8E /* Base */,
			);
			name = Main.storyboard;
			sourceTree = "<group>";
		};
		C735A2D527AADFA500145B8E /* LaunchScreen.storyboard */ = {
			isa = PBXVariantGroup;
			children = (
				C735A2D627AADFA500145B8E /* Base */,
			);
			name = LaunchScreen.storyboard;
			sourceTree = "<group>";
		};
/* End PBXVariantGroup section */

/* Begin XCBuildConfiguration section */
		C735A2D927AADFA500145B8E /* Debug */ = {
			isa = XCBuildConfiguration;
			buildSettings = {
				ALWAYS_SEARCH_USER_PATHS = NO;
				CLANG_ANALYZER_NONNULL = YES;
				CLANG_ANALYZER_NUMBER_OBJECT_CONVERSION = YES_AGGRESSIVE;
				CLANG_CXX_LANGUAGE_STANDARD = "gnu++17";
				CLANG_CXX_LIBRARY = "libc++";
				CLANG_ENABLE_MODULES = YES;
				CLANG_ENABLE_OBJC_ARC = YES;
				CLANG_ENABLE_OBJC_WEAK = YES;
				CLANG_WARN_BLOCK_CAPTURE_AUTORELEASING = YES;
				CLANG_WARN_BOOL_CONVERSION = YES;
				CLANG_WARN_COMMA = YES;
				CLANG_WARN_CONSTANT_CONVERSION = YES;
				CLANG_WARN_DEPRECATED_OBJC_IMPLEMENTATIONS = YES;
				CLANG_WARN_DIRECT_OBJC_ISA_USAGE = YES_ERROR;
				CLANG_WARN_DOCUMENTATION_COMMENTS = YES;
				CLANG_WARN_EMPTY_BODY = YES;
				CLANG_WARN_ENUM_CONVERSION = YES;
				CLANG_WARN_INFINITE_RECURSION = YES;
				CLANG_WARN_INT_CONVERSION = YES;
				CLANG_WARN_NON_LITERAL_NULL_CONVERSION = YES;
				CLANG_WARN_OBJC_IMPLICIT_RETAIN_SELF = YES;
				CLANG_WARN_OBJC_LITERAL_CONVERSION = YES;
				CLANG_WARN_OBJC_ROOT_CLASS = YES_ERROR;
				CLANG_WARN_QUOTED_INCLUDE_IN_FRAMEWORK_HEADER = YES;
				CLANG_WARN_RANGE_LOOP_ANALYSIS = YES;
				CLANG_WARN_STRICT_PROTOTYPES = YES;
				CLANG_WARN_SUSPICIOUS_MOVE = YES;
				CLANG_WARN_UNGUARDED_AVAILABILITY = YES_AGGRESSIVE;
				CLANG_WARN_UNREACHABLE_CODE = YES;
				CLANG_WARN__DUPLICATE_METHOD_MATCH = YES;
				COPY_PHASE_STRIP = NO;
				DEBUG_INFORMATION_FORMAT = dwarf;
				ENABLE_STRICT_OBJC_MSGSEND = YES;
				ENABLE_TESTABILITY = YES;
				GCC_C_LANGUAGE_STANDARD = gnu11;
				GCC_DYNAMIC_NO_PIC = NO;
				GCC_NO_COMMON_BLOCKS = YES;
				GCC_OPTIMIZATION_LEVEL = 0;
				GCC_PREPROCESSOR_DEFINITIONS = (
					"DEBUG=1",
					"$(inherited)",
				);
				GCC_WARN_64_TO_32_BIT_CONVERSION = YES;
				GCC_WARN_ABOUT_RETURN_TYPE = YES_ERROR;
				GCC_WARN_UNDECLARED_SELECTOR = YES;
				GCC_WARN_UNINITIALIZED_AUTOS = YES_AGGRESSIVE;
				GCC_WARN_UNUSED_FUNCTION = YES;
				GCC_WARN_UNUSED_VARIABLE = YES;
				IPHONEOS_DEPLOYMENT_TARGET = 15.2;
				MTL_ENABLE_DEBUG_INFO = INCLUDE_SOURCE;
				MTL_FAST_MATH = YES;
				ONLY_ACTIVE_ARCH = YES;
				SDKROOT = iphoneos;
				SWIFT_ACTIVE_COMPILATION_CONDITIONS = DEBUG;
				SWIFT_OPTIMIZATION_LEVEL = "-Onone";
			};
			name = Debug;
		};
		C735A2DA27AADFA500145B8E /* Release */ = {
			isa = XCBuildConfiguration;
			buildSettings = {
				ALWAYS_SEARCH_USER_PATHS = NO;
				CLANG_ANALYZER_NONNULL = YES;
				CLANG_ANALYZER_NUMBER_OBJECT_CONVERSION = YES_AGGRESSIVE;
				CLANG_CXX_LANGUAGE_STANDARD = "gnu++17";
				CLANG_CXX_LIBRARY = "libc++";
				CLANG_ENABLE_MODULES = YES;
				CLANG_ENABLE_OBJC_ARC = YES;
				CLANG_ENABLE_OBJC_WEAK = YES;
				CLANG_WARN_BLOCK_CAPTURE_AUTORELEASING = YES;
				CLANG_WARN_BOOL_CONVERSION = YES;
				CLANG_WARN_COMMA = YES;
				CLANG_WARN_CONSTANT_CONVERSION = YES;
				CLANG_WARN_DEPRECATED_OBJC_IMPLEMENTATIONS = YES;
				CLANG_WARN_DIRECT_OBJC_ISA_USAGE = YES_ERROR;
				CLANG_WARN_DOCUMENTATION_COMMENTS = YES;
				CLANG_WARN_EMPTY_BODY = YES;
				CLANG_WARN_ENUM_CONVERSION = YES;
				CLANG_WARN_INFINITE_RECURSION = YES;
				CLANG_WARN_INT_CONVERSION = YES;
				CLANG_WARN_NON_LITERAL_NULL_CONVERSION = YES;
				CLANG_WARN_OBJC_IMPLICIT_RETAIN_SELF = YES;
				CLANG_WARN_OBJC_LITERAL_CONVERSION = YES;
				CLANG_WARN_OBJC_ROOT_CLASS = YES_ERROR;
				CLANG_WARN_QUOTED_INCLUDE_IN_FRAMEWORK_HEADER = YES;
				CLANG_WARN_RANGE_LOOP_ANALYSIS = YES;
				CLANG_WARN_STRICT_PROTOTYPES = YES;
				CLANG_WARN_SUSPICIOUS_MOVE = YES;
				CLANG_WARN_UNGUARDED_AVAILABILITY = YES_AGGRESSIVE;
				CLANG_WARN_UNREACHABLE_CODE = YES;
				CLANG_WARN__DUPLICATE_METHOD_MATCH = YES;
				COPY_PHASE_STRIP = NO;
				DEBUG_INFORMATION_FORMAT = "dwarf-with-dsym";
				ENABLE_NS_ASSERTIONS = NO;
				ENABLE_STRICT_OBJC_MSGSEND = YES;
				GCC_C_LANGUAGE_STANDARD = gnu11;
				GCC_NO_COMMON_BLOCKS = YES;
				GCC_WARN_64_TO_32_BIT_CONVERSION = YES;
				GCC_WARN_ABOUT_RETURN_TYPE = YES_ERROR;
				GCC_WARN_UNDECLARED_SELECTOR = YES;
				GCC_WARN_UNINITIALIZED_AUTOS = YES_AGGRESSIVE;
				GCC_WARN_UNUSED_FUNCTION = YES;
				GCC_WARN_UNUSED_VARIABLE = YES;
				IPHONEOS_DEPLOYMENT_TARGET = 15.2;
				MTL_ENABLE_DEBUG_INFO = NO;
				MTL_FAST_MATH = YES;
				SDKROOT = iphoneos;
				SWIFT_COMPILATION_MODE = wholemodule;
				SWIFT_OPTIMIZATION_LEVEL = "-O";
				VALIDATE_PRODUCT = YES;
			};
			name = Release;
		};
		C735A2DC27AADFA500145B8E /* Debug */ = {
			isa = XCBuildConfiguration;
			buildSettings = {
				ASSETCATALOG_COMPILER_APPICON_NAME = AppIcon;
				ASSETCATALOG_COMPILER_GLOBAL_ACCENT_COLOR_NAME = AccentColor;
				CODE_SIGN_STYLE = Automatic;
				CURRENT_PROJECT_VERSION = 1;
				DEVELOPMENT_TEAM = VY3VXRC7P4;
				GENERATE_INFOPLIST_FILE = YES;
				INFOPLIST_FILE = Example/Info.plist;
				INFOPLIST_KEY_UIApplicationSupportsIndirectInputEvents = YES;
				INFOPLIST_KEY_UILaunchStoryboardName = LaunchScreen;
				INFOPLIST_KEY_UIMainStoryboardFile = Main;
				INFOPLIST_KEY_UISupportedInterfaceOrientations_iPad = "UIInterfaceOrientationPortrait UIInterfaceOrientationPortraitUpsideDown UIInterfaceOrientationLandscapeLeft UIInterfaceOrientationLandscapeRight";
				INFOPLIST_KEY_UISupportedInterfaceOrientations_iPhone = "UIInterfaceOrientationPortrait UIInterfaceOrientationLandscapeLeft UIInterfaceOrientationLandscapeRight";
				LD_RUNPATH_SEARCH_PATHS = (
					"$(inherited)",
					"@executable_path/Frameworks",
				);
				MARKETING_VERSION = 1.0;
				PRODUCT_BUNDLE_IDENTIFIER = video.api.player.analytics.example;
				PRODUCT_NAME = "$(TARGET_NAME)";
				SWIFT_EMIT_LOC_STRINGS = YES;
				SWIFT_VERSION = 5.0;
				TARGETED_DEVICE_FAMILY = "1,2";
			};
			name = Debug;
		};
		C735A2DD27AADFA500145B8E /* Release */ = {
			isa = XCBuildConfiguration;
			buildSettings = {
				ASSETCATALOG_COMPILER_APPICON_NAME = AppIcon;
				ASSETCATALOG_COMPILER_GLOBAL_ACCENT_COLOR_NAME = AccentColor;
				CODE_SIGN_STYLE = Automatic;
				CURRENT_PROJECT_VERSION = 1;
				DEVELOPMENT_TEAM = VY3VXRC7P4;
				GENERATE_INFOPLIST_FILE = YES;
				INFOPLIST_FILE = Example/Info.plist;
				INFOPLIST_KEY_UIApplicationSupportsIndirectInputEvents = YES;
				INFOPLIST_KEY_UILaunchStoryboardName = LaunchScreen;
				INFOPLIST_KEY_UIMainStoryboardFile = Main;
				INFOPLIST_KEY_UISupportedInterfaceOrientations_iPad = "UIInterfaceOrientationPortrait UIInterfaceOrientationPortraitUpsideDown UIInterfaceOrientationLandscapeLeft UIInterfaceOrientationLandscapeRight";
				INFOPLIST_KEY_UISupportedInterfaceOrientations_iPhone = "UIInterfaceOrientationPortrait UIInterfaceOrientationLandscapeLeft UIInterfaceOrientationLandscapeRight";
				LD_RUNPATH_SEARCH_PATHS = (
					"$(inherited)",
					"@executable_path/Frameworks",
				);
				MARKETING_VERSION = 1.0;
				PRODUCT_BUNDLE_IDENTIFIER = video.api.player.analytics.example;
				PRODUCT_NAME = "$(TARGET_NAME)";
				SWIFT_EMIT_LOC_STRINGS = YES;
				SWIFT_VERSION = 5.0;
				TARGETED_DEVICE_FAMILY = "1,2";
			};
			name = Release;
		};
/* End XCBuildConfiguration section */

/* Begin XCConfigurationList section */
		C735A2C227AADF9F00145B8E /* Build configuration list for PBXProject "api.video-ios-player-analytics-example" */ = {
			isa = XCConfigurationList;
			buildConfigurations = (
				C735A2D927AADFA500145B8E /* Debug */,
				C735A2DA27AADFA500145B8E /* Release */,
			);
			defaultConfigurationIsVisible = 0;
			defaultConfigurationName = Release;
		};
		C735A2DB27AADFA500145B8E /* Build configuration list for PBXNativeTarget "api.video-ios-player-analytics-example" */ = {
			isa = XCConfigurationList;
			buildConfigurations = (
				C735A2DC27AADFA500145B8E /* Debug */,
				C735A2DD27AADFA500145B8E /* Release */,
			);
			defaultConfigurationIsVisible = 0;
			defaultConfigurationName = Release;
		};
/* End XCConfigurationList section */

/* Begin XCSwiftPackageProductDependency section */
		C706D33F27C52F9F004A0506 /* ApiVideoPlayerAnalytics */ = {
			isa = XCSwiftPackageProductDependency;
			productName = ApiVideoPlayerAnalytics;
		};
/* End XCSwiftPackageProductDependency section */
	};
	rootObject = C735A2BF27AADF9F00145B8E /* Project object */;
}
